
Microsoft Visual Studio Solution File, Format Version 12.00
# Visual Studio Version 16
VisualStudioVersion = 16.0.29123.88
MinimumVisualStudioVersion = 10.0.40219.1
Project("{FAE04EC0-301F-11D3-BF4B-00C04F79EFBC}") = "ExamenPOO", "ExamenPOO\ExamenPOO.csproj", "{F26A6E91-B579-4A81-8FA9-63A9C2107477}"
EndProject
Global
	GlobalSection(SolutionConfigurationPlatforms) = preSolution
		Debug|Any CPU = Debug|Any CPU
		Release|Any CPU = Release|Any CPU
	EndGlobalSection
	GlobalSection(ProjectConfigurationPlatforms) = postSolution
		{F26A6E91-B579-4A81-8FA9-63A9C2107477}.Debug|Any CPU.ActiveCfg = Debug|Any CPU
		{F26A6E91-B579-4A81-8FA9-63A9C2107477}.Debug|Any CPU.Build.0 = Debug|Any CPU
		{F26A6E91-B579-4A81-8FA9-63A9C2107477}.Release|Any CPU.ActiveCfg = Release|Any CPU
		{F26A6E91-B579-4A81-8FA9-63A9C2107477}.Release|Any CPU.Build.0 = Release|Any CPU
	EndGlobalSection
	GlobalSection(SolutionProperties) = preSolution
		HideSolutionNode = FALSE
	EndGlobalSection
	GlobalSection(ExtensibilityGlobals) = postSolution
		SolutionGuid = {3232AF63-CE6F-4664-9C4A-12968DDACE46}
	EndGlobalSection
EndGlobal
